
Microsoft Visual Studio Solution File, Format Version 12.00
# Visual Studio Version 17
VisualStudioVersion = 17.11.35222.181
MinimumVisualStudioVersion = 10.0.40219.1
Project("{9A19103F-16F7-4668-BE54-9A1E7A4F7556}") = "VulnerableApp", "VulnerableApp\VulnerableApp.csproj", "{FABF8BCF-59D0-4966-A60A-150F24DD5C2A}"
EndProject
Project("{9A19103F-16F7-4668-BE54-9A1E7A4F7556}") = "WAF", "WAF\WAF.csproj", "{AF1898E9-C83E-4E4A-94CC-E3E5BAD51C8B}"
EndProject
Project("{FAE04EC0-301F-11D3-BF4B-00C04F79EFBC}") = "WAFRuleManager", "WAFRuleManager\WAFRuleManager.csproj", "{50F405A6-353F-49B6-B054-34C69342A457}"
EndProject
Project("{FAE04EC0-301F-11D3-BF4B-00C04F79EFBC}") = "WAFRuleModels", "WAFRuleModels\WAFRuleModels.csproj", "{6A845EC1-C9FA-44D1-B0E7-8AEE3C8EFA19}"
EndProject
Global
	GlobalSection(SolutionConfigurationPlatforms) = preSolution
		Debug|Any CPU = Debug|Any CPU
		Release|Any CPU = Release|Any CPU
	EndGlobalSection
	GlobalSection(ProjectConfigurationPlatforms) = postSolution
		{FABF8BCF-59D0-4966-A60A-150F24DD5C2A}.Debug|Any CPU.ActiveCfg = Debug|Any CPU
		{FABF8BCF-59D0-4966-A60A-150F24DD5C2A}.Debug|Any CPU.Build.0 = Debug|Any CPU
		{FABF8BCF-59D0-4966-A60A-150F24DD5C2A}.Release|Any CPU.ActiveCfg = Release|Any CPU
		{FABF8BCF-59D0-4966-A60A-150F24DD5C2A}.Release|Any CPU.Build.0 = Release|Any CPU
		{AF1898E9-C83E-4E4A-94CC-E3E5BAD51C8B}.Debug|Any CPU.ActiveCfg = Debug|Any CPU
		{AF1898E9-C83E-4E4A-94CC-E3E5BAD51C8B}.Debug|Any CPU.Build.0 = Debug|Any CPU
		{AF1898E9-C83E-4E4A-94CC-E3E5BAD51C8B}.Release|Any CPU.ActiveCfg = Release|Any CPU
		{AF1898E9-C83E-4E4A-94CC-E3E5BAD51C8B}.Release|Any CPU.Build.0 = Release|Any CPU
		{50F405A6-353F-49B6-B054-34C69342A457}.Debug|Any CPU.ActiveCfg = Debug|Any CPU
		{50F405A6-353F-49B6-B054-34C69342A457}.Debug|Any CPU.Build.0 = Debug|Any CPU
		{50F405A6-353F-49B6-B054-34C69342A457}.Release|Any CPU.ActiveCfg = Release|Any CPU
		{50F405A6-353F-49B6-B054-34C69342A457}.Release|Any CPU.Build.0 = Release|Any CPU
		{6A845EC1-C9FA-44D1-B0E7-8AEE3C8EFA19}.Debug|Any CPU.ActiveCfg = Debug|Any CPU
		{6A845EC1-C9FA-44D1-B0E7-8AEE3C8EFA19}.Debug|Any CPU.Build.0 = Debug|Any CPU
		{6A845EC1-C9FA-44D1-B0E7-8AEE3C8EFA19}.Release|Any CPU.ActiveCfg = Release|Any CPU
		{6A845EC1-C9FA-44D1-B0E7-8AEE3C8EFA19}.Release|Any CPU.Build.0 = Release|Any CPU
	EndGlobalSection
	GlobalSection(SolutionProperties) = preSolution
		HideSolutionNode = FALSE
	EndGlobalSection
	GlobalSection(ExtensibilityGlobals) = postSolution
		SolutionGuid = {38BAF952-785C-4A79-A60F-7F9D0A740E86}
	EndGlobalSection
EndGlobal
